// !$*UTF8*$!
{
	archiveVersion = 1;
	classes = {
	};
	objectVersion = 56;
	objects = {

/* Begin PBXBuildFile section */
		D03D11C02A581DF500ACC34C /* ContactViewController.swift in Sources */ = {isa = PBXBuildFile; fileRef = D03D11BE2A581DF500ACC34C /* ContactViewController.swift */; };
		D03D11C12A581DF500ACC34C /* ContactViewController.xib in Resources */ = {isa = PBXBuildFile; fileRef = D03D11BF2A581DF500ACC34C /* ContactViewController.xib */; };
		D0C73BEF2A5163AF006880FB /* AppDelegate.swift in Sources */ = {isa = PBXBuildFile; fileRef = D0C73BEE2A5163AF006880FB /* AppDelegate.swift */; };
		D0C73BF12A5163AF006880FB /* SceneDelegate.swift in Sources */ = {isa = PBXBuildFile; fileRef = D0C73BF02A5163AF006880FB /* SceneDelegate.swift */; };
		D0C73BF32A5163AF006880FB /* ViewController.swift in Sources */ = {isa = PBXBuildFile; fileRef = D0C73BF22A5163AF006880FB /* ViewController.swift */; };
		D0C73BF62A5163AF006880FB /* Main.storyboard in Resources */ = {isa = PBXBuildFile; fileRef = D0C73BF42A5163AF006880FB /* Main.storyboard */; };
		D0C73BF82A5163B2006880FB /* Assets.xcassets in Resources */ = {isa = PBXBuildFile; fileRef = D0C73BF72A5163B2006880FB /* Assets.xcassets */; };
		D0C73BFB2A5163B2006880FB /* LaunchScreen.storyboard in Resources */ = {isa = PBXBuildFile; fileRef = D0C73BF92A5163B2006880FB /* LaunchScreen.storyboard */; };
		D0F799862A56E3AC004A1187 /* ContactTableViewCell.swift in Sources */ = {isa = PBXBuildFile; fileRef = D0F799842A56E3AC004A1187 /* ContactTableViewCell.swift */; };
		D0F799872A56E3AC004A1187 /* ContactTableViewCell.xib in Resources */ = {isa = PBXBuildFile; fileRef = D0F799852A56E3AC004A1187 /* ContactTableViewCell.xib */; };
/* End PBXBuildFile section */

/* Begin PBXFileReference section */
		D03D11BE2A581DF500ACC34C /* ContactViewController.swift */ = {isa = PBXFileReference; lastKnownFileType = sourcecode.swift; path = ContactViewController.swift; sourceTree = "<group>"; };
		D03D11BF2A581DF500ACC34C /* ContactViewController.xib */ = {isa = PBXFileReference; lastKnownFileType = file.xib; path = ContactViewController.xib; sourceTree = "<group>"; };
		D0C73BEB2A5163AF006880FB /* iContacts.app */ = {isa = PBXFileReference; explicitFileType = wrapper.application; includeInIndex = 0; path = iContacts.app; sourceTree = BUILT_PRODUCTS_DIR; };
		D0C73BEE2A5163AF006880FB /* AppDelegate.swift */ = {isa = PBXFileReference; lastKnownFileType = sourcecode.swift; path = AppDelegate.swift; sourceTree = "<group>"; };
		D0C73BF02A5163AF006880FB /* SceneDelegate.swift */ = {isa = PBXFileReference; lastKnownFileType = sourcecode.swift; path = SceneDelegate.swift; sourceTree = "<group>"; };
		D0C73BF22A5163AF006880FB /* ViewController.swift */ = {isa = PBXFileReference; lastKnownFileType = sourcecode.swift; path = ViewController.swift; sourceTree = "<group>"; };
		D0C73BF52A5163AF006880FB /* Base */ = {isa = PBXFileReference; lastKnownFileType = file.storyboard; name = Base; path = Base.lproj/Main.storyboard; sourceTree = "<group>"; };
		D0C73BF72A5163B2006880FB /* Assets.xcassets */ = {isa = PBXFileReference; lastKnownFileType = folder.assetcatalog; path = Assets.xcassets; sourceTree = "<group>"; };
		D0C73BFA2A5163B2006880FB /* Base */ = {isa = PBXFileReference; lastKnownFileType = file.storyboard; name = Base; path = Base.lproj/LaunchScreen.storyboard; sourceTree = "<group>"; };
		D0C73BFC2A5163B2006880FB /* Info.plist */ = {isa = PBXFileReference; lastKnownFileType = text.plist.xml; path = Info.plist; sourceTree = "<group>"; };
		D0F799842A56E3AC004A1187 /* ContactTableViewCell.swift */ = {isa = PBXFileReference; lastKnownFileType = sourcecode.swift; path = ContactTableViewCell.swift; sourceTree = "<group>"; };
		D0F799852A56E3AC004A1187 /* ContactTableViewCell.xib */ = {isa = PBXFileReference; lastKnownFileType = file.xib; path = ContactTableViewCell.xib; sourceTree = "<group>"; };
/* End PBXFileReference section */

/* Begin PBXFrameworksBuildPhase section */
		D0C73BE82A5163AF006880FB /* Frameworks */ = {
			isa = PBXFrameworksBuildPhase;
			buildActionMask = 2147483647;
			files = (
			);
			runOnlyForDeploymentPostprocessing = 0;
		};
/* End PBXFrameworksBuildPhase section */

/* Begin PBXGroup section */
		D0C73BE22A5163AF006880FB = {
			isa = PBXGroup;
			children = (
				D0C73BED2A5163AF006880FB /* iContacts */,
				D0C73BEC2A5163AF006880FB /* Products */,
			);
			sourceTree = "<group>";
		};
		D0C73BEC2A5163AF006880FB /* Products */ = {
			isa = PBXGroup;
			children = (
				D0C73BEB2A5163AF006880FB /* iContacts.app */,
			);
			name = Products;
			sourceTree = "<group>";
		};
		D0C73BED2A5163AF006880FB /* iContacts */ = {
			isa = PBXGroup;
			children = (
				D0C73C032A51672E006880FB /* App */,
				D0C73C042A51678E006880FB /* View */,
				D0C73C052A5167AC006880FB /* Resource */,
			);
			path = iContacts;
			sourceTree = "<group>";
		};
		D0C73C032A51672E006880FB /* App */ = {
			isa = PBXGroup;
			children = (
				D0C73BF92A5163B2006880FB /* LaunchScreen.storyboard */,
				D0C73BEE2A5163AF006880FB /* AppDelegate.swift */,
				D0C73BF02A5163AF006880FB /* SceneDelegate.swift */,
				D0C73BFC2A5163B2006880FB /* Info.plist */,
			);
			path = App;
			sourceTree = "<group>";
		};
		D0C73C042A51678E006880FB /* View */ = {
			isa = PBXGroup;
			children = (
				D0C73BF22A5163AF006880FB /* ViewController.swift */,
				D0C73BF42A5163AF006880FB /* Main.storyboard */,
				D0F799842A56E3AC004A1187 /* ContactTableViewCell.swift */,
				D0F799852A56E3AC004A1187 /* ContactTableViewCell.xib */,
				D03D11BE2A581DF500ACC34C /* ContactViewController.swift */,
				D03D11BF2A581DF500ACC34C /* ContactViewController.xib */,
			);
			path = View;
			sourceTree = "<group>";
		};
		D0C73C052A5167AC006880FB /* Resource */ = {
			isa = PBXGroup;
			children = (
				D0C73BF72A5163B2006880FB /* Assets.xcassets */,
			);
			path = Resource;
			sourceTree = "<group>";
		};
/* End PBXGroup section */

/* Begin PBXNativeTarget section */
		D0C73BEA2A5163AF006880FB /* iContacts */ = {
			isa = PBXNativeTarget;
			buildConfigurationList = D0C73BFF2A5163B2006880FB /* Build configuration list for PBXNativeTarget "iContacts" */;
			buildPhases = (
				D0C73BE72A5163AF006880FB /* Sources */,
				D0C73BE82A5163AF006880FB /* Frameworks */,
				D0C73BE92A5163AF006880FB /* Resources */,
			);
			buildRules = (
			);
			dependencies = (
			);
			name = iContacts;
			productName = iContacts;
			productReference = D0C73BEB2A5163AF006880FB /* iContacts.app */;
			productType = "com.apple.product-type.application";
		};
/* End PBXNativeTarget section */

/* Begin PBXProject section */
		D0C73BE32A5163AF006880FB /* Project object */ = {
			isa = PBXProject;
			attributes = {
				BuildIndependentTargetsInParallel = 1;
				LastSwiftUpdateCheck = 1430;
				LastUpgradeCheck = 1430;
				TargetAttributes = {
					D0C73BEA2A5163AF006880FB = {
						CreatedOnToolsVersion = 14.3;
					};
				};
			};
			buildConfigurationList = D0C73BE62A5163AF006880FB /* Build configuration list for PBXProject "iContacts" */;
			compatibilityVersion = "Xcode 14.0";
			developmentRegion = en;
			hasScannedForEncodings = 0;
			knownRegions = (
				en,
				Base,
			);
			mainGroup = D0C73BE22A5163AF006880FB;
			productRefGroup = D0C73BEC2A5163AF006880FB /* Products */;
			projectDirPath = "";
			projectRoot = "";
			targets = (
				D0C73BEA2A5163AF006880FB /* iContacts */,
			);
		};
/* End PBXProject section */

/* Begin PBXResourcesBuildPhase section */
		D0C73BE92A5163AF006880FB /* Resources */ = {
			isa = PBXResourcesBuildPhase;
			buildActionMask = 2147483647;
			files = (
				D0F799872A56E3AC004A1187 /* ContactTableViewCell.xib in Resources */,
				D03D11C12A581DF500ACC34C /* ContactViewController.xib in Resources */,
				D0C73BFB2A5163B2006880FB /* LaunchScreen.storyboard in Resources */,
				D0C73BF82A5163B2006880FB /* Assets.xcassets in Resources */,
				D0C73BF62A5163AF006880FB /* Main.storyboard in Resources */,
			);
			runOnlyForDeploymentPostprocessing = 0;
		};
/* End PBXResourcesBuildPhase section */

/* Begin PBXSourcesBuildPhase section */
		D0C73BE72A5163AF006880FB /* Sources */ = {
			isa = PBXSourcesBuildPhase;
			buildActionMask = 2147483647;
			files = (
				D0F799862A56E3AC004A1187 /* ContactTableViewCell.swift in Sources */,
				D0C73BF32A5163AF006880FB /* ViewController.swift in Sources */,
				D0C73BEF2A5163AF006880FB /* AppDelegate.swift in Sources */,
				D0C73BF12A5163AF006880FB /* SceneDelegate.swift in Sources */,
				D03D11C02A581DF500ACC34C /* ContactViewController.swift in Sources */,
			);
			runOnlyForDeploymentPostprocessing = 0;
		};
/* End PBXSourcesBuildPhase section */

/* Begin PBXVariantGroup section */
		D0C73BF42A5163AF006880FB /* Main.storyboard */ = {
			isa = PBXVariantGroup;
			children = (
				D0C73BF52A5163AF006880FB /* Base */,
			);
			name = Main.storyboard;
			sourceTree = "<group>";
		};
		D0C73BF92A5163B2006880FB /* LaunchScreen.storyboard */ = {
			isa = PBXVariantGroup;
			children = (
				D0C73BFA2A5163B2006880FB /* Base */,
			);
			name = LaunchScreen.storyboard;
			sourceTree = "<group>";
		};
/* End PBXVariantGroup section */

/* Begin XCBuildConfiguration section */
		D0C73BFD2A5163B2006880FB /* Debug */ = {
			isa = XCBuildConfiguration;
			buildSettings = {
				ALWAYS_SEARCH_USER_PATHS = NO;
				CLANG_ANALYZER_NONNULL = YES;
				CLANG_ANALYZER_NUMBER_OBJECT_CONVERSION = YES_AGGRESSIVE;
				CLANG_CXX_LANGUAGE_STANDARD = "gnu++20";
				CLANG_ENABLE_MODULES = YES;
				CLANG_ENABLE_OBJC_ARC = YES;
				CLANG_ENABLE_OBJC_WEAK = YES;
				CLANG_WARN_BLOCK_CAPTURE_AUTORELEASING = YES;
				CLANG_WARN_BOOL_CONVERSION = YES;
				CLANG_WARN_COMMA = YES;
				CLANG_WARN_CONSTANT_CONVERSION = YES;
				CLANG_WARN_DEPRECATED_OBJC_IMPLEMENTATIONS = YES;
				CLANG_WARN_DIRECT_OBJC_ISA_USAGE = YES_ERROR;
				CLANG_WARN_DOCUMENTATION_COMMENTS = YES;
				CLANG_WARN_EMPTY_BODY = YES;
				CLANG_WARN_ENUM_CONVERSION = YES;
				CLANG_WARN_INFINITE_RECURSION = YES;
				CLANG_WARN_INT_CONVERSION = YES;
				CLANG_WARN_NON_LITERAL_NULL_CONVERSION = YES;
				CLANG_WARN_OBJC_IMPLICIT_RETAIN_SELF = YES;
				CLANG_WARN_OBJC_LITERAL_CONVERSION = YES;
				CLANG_WARN_OBJC_ROOT_CLASS = YES_ERROR;
				CLANG_WARN_QUOTED_INCLUDE_IN_FRAMEWORK_HEADER = YES;
				CLANG_WARN_RANGE_LOOP_ANALYSIS = YES;
				CLANG_WARN_STRICT_PROTOTYPES = YES;
				CLANG_WARN_SUSPICIOUS_MOVE = YES;
				CLANG_WARN_UNGUARDED_AVAILABILITY = YES_AGGRESSIVE;
				CLANG_WARN_UNREACHABLE_CODE = YES;
				CLANG_WARN__DUPLICATE_METHOD_MATCH = YES;
				COPY_PHASE_STRIP = NO;
				DEBUG_INFORMATION_FORMAT = dwarf;
				ENABLE_STRICT_OBJC_MSGSEND = YES;
				ENABLE_TESTABILITY = YES;
				GCC_C_LANGUAGE_STANDARD = gnu11;
				GCC_DYNAMIC_NO_PIC = NO;
				GCC_NO_COMMON_BLOCKS = YES;
				GCC_OPTIMIZATION_LEVEL = 0;
				GCC_PREPROCESSOR_DEFINITIONS = (
					"DEBUG=1",
					"$(inherited)",
				);
				GCC_WARN_64_TO_32_BIT_CONVERSION = YES;
				GCC_WARN_ABOUT_RETURN_TYPE = YES_ERROR;
				GCC_WARN_UNDECLARED_SELECTOR = YES;
				GCC_WARN_UNINITIALIZED_AUTOS = YES_AGGRESSIVE;
				GCC_WARN_UNUSED_FUNCTION = YES;
				GCC_WARN_UNUSED_VARIABLE = YES;
				IPHONEOS_DEPLOYMENT_TARGET = 16.4;
				MTL_ENABLE_DEBUG_INFO = INCLUDE_SOURCE;
				MTL_FAST_MATH = YES;
				ONLY_ACTIVE_ARCH = YES;
				SDKROOT = iphoneos;
				SWIFT_ACTIVE_COMPILATION_CONDITIONS = DEBUG;
				SWIFT_OPTIMIZATION_LEVEL = "-Onone";
			};
			name = Debug;
		};
		D0C73BFE2A5163B2006880FB /* Release */ = {
			isa = XCBuildConfiguration;
			buildSettings = {
				ALWAYS_SEARCH_USER_PATHS = NO;
				CLANG_ANALYZER_NONNULL = YES;
				CLANG_ANALYZER_NUMBER_OBJECT_CONVERSION = YES_AGGRESSIVE;
				CLANG_CXX_LANGUAGE_STANDARD = "gnu++20";
				CLANG_ENABLE_MODULES = YES;
				CLANG_ENABLE_OBJC_ARC = YES;
				CLANG_ENABLE_OBJC_WEAK = YES;
				CLANG_WARN_BLOCK_CAPTURE_AUTORELEASING = YES;
				CLANG_WARN_BOOL_CONVERSION = YES;
				CLANG_WARN_COMMA = YES;
				CLANG_WARN_CONSTANT_CONVERSION = YES;
				CLANG_WARN_DEPRECATED_OBJC_IMPLEMENTATIONS = YES;
				CLANG_WARN_DIRECT_OBJC_ISA_USAGE = YES_ERROR;
				CLANG_WARN_DOCUMENTATION_COMMENTS = YES;
				CLANG_WARN_EMPTY_BODY = YES;
				CLANG_WARN_ENUM_CONVERSION = YES;
				CLANG_WARN_INFINITE_RECURSION = YES;
				CLANG_WARN_INT_CONVERSION = YES;
				CLANG_WARN_NON_LITERAL_NULL_CONVERSION = YES;
				CLANG_WARN_OBJC_IMPLICIT_RETAIN_SELF = YES;
				CLANG_WARN_OBJC_LITERAL_CONVERSION = YES;
				CLANG_WARN_OBJC_ROOT_CLASS = YES_ERROR;
				CLANG_WARN_QUOTED_INCLUDE_IN_FRAMEWORK_HEADER = YES;
				CLANG_WARN_RANGE_LOOP_ANALYSIS = YES;
				CLANG_WARN_STRICT_PROTOTYPES = YES;
				CLANG_WARN_SUSPICIOUS_MOVE = YES;
				CLANG_WARN_UNGUARDED_AVAILABILITY = YES_AGGRESSIVE;
				CLANG_WARN_UNREACHABLE_CODE = YES;
				CLANG_WARN__DUPLICATE_METHOD_MATCH = YES;
				COPY_PHASE_STRIP = NO;
				DEBUG_INFORMATION_FORMAT = "dwarf-with-dsym";
				ENABLE_NS_ASSERTIONS = NO;
				ENABLE_STRICT_OBJC_MSGSEND = YES;
				GCC_C_LANGUAGE_STANDARD = gnu11;
				GCC_NO_COMMON_BLOCKS = YES;
				GCC_WARN_64_TO_32_BIT_CONVERSION = YES;
				GCC_WARN_ABOUT_RETURN_TYPE = YES_ERROR;
				GCC_WARN_UNDECLARED_SELECTOR = YES;
				GCC_WARN_UNINITIALIZED_AUTOS = YES_AGGRESSIVE;
				GCC_WARN_UNUSED_FUNCTION = YES;
				GCC_WARN_UNUSED_VARIABLE = YES;
				IPHONEOS_DEPLOYMENT_TARGET = 16.4;
				MTL_ENABLE_DEBUG_INFO = NO;
				MTL_FAST_MATH = YES;
				SDKROOT = iphoneos;
				SWIFT_COMPILATION_MODE = wholemodule;
				SWIFT_OPTIMIZATION_LEVEL = "-O";
				VALIDATE_PRODUCT = YES;
			};
			name = Release;
		};
		D0C73C002A5163B2006880FB /* Debug */ = {
			isa = XCBuildConfiguration;
			buildSettings = {
				ASSETCATALOG_COMPILER_APPICON_NAME = AppIcon;
				ASSETCATALOG_COMPILER_GLOBAL_ACCENT_COLOR_NAME = AccentColor;
				CODE_SIGN_STYLE = Automatic;
				CURRENT_PROJECT_VERSION = 1;
				DEVELOPMENT_TEAM = 9X3WBY9BN8;
				GENERATE_INFOPLIST_FILE = YES;
				INFOPLIST_FILE = iContacts/App/Info.plist;
				INFOPLIST_KEY_UIApplicationSupportsIndirectInputEvents = YES;
				INFOPLIST_KEY_UILaunchStoryboardName = LaunchScreen;
				INFOPLIST_KEY_UIMainStoryboardFile = Main;
				INFOPLIST_KEY_UISupportedInterfaceOrientations_iPad = "UIInterfaceOrientationPortrait UIInterfaceOrientationPortraitUpsideDown UIInterfaceOrientationLandscapeLeft UIInterfaceOrientationLandscapeRight";
				INFOPLIST_KEY_UISupportedInterfaceOrientations_iPhone = "UIInterfaceOrientationPortrait UIInterfaceOrientationLandscapeLeft UIInterfaceOrientationLandscapeRight";
				LD_RUNPATH_SEARCH_PATHS = (
					"$(inherited)",
					"@executable_path/Frameworks",
				);
				MARKETING_VERSION = 1.0;
				PRODUCT_BUNDLE_IDENTIFIER = com.allamzharov.iContacts;
				PRODUCT_NAME = "$(TARGET_NAME)";
				SWIFT_EMIT_LOC_STRINGS = YES;
				SWIFT_VERSION = 5.0;
				TARGETED_DEVICE_FAMILY = "1,2";
			};
			name = Debug;
		};
		D0C73C012A5163B2006880FB /* Release */ = {
			isa = XCBuildConfiguration;
			buildSettings = {
				ASSETCATALOG_COMPILER_APPICON_NAME = AppIcon;
				ASSETCATALOG_COMPILER_GLOBAL_ACCENT_COLOR_NAME = AccentColor;
				CODE_SIGN_STYLE = Automatic;
				CURRENT_PROJECT_VERSION = 1;
				DEVELOPMENT_TEAM = 9X3WBY9BN8;
				GENERATE_INFOPLIST_FILE = YES;
				INFOPLIST_FILE = iContacts/App/Info.plist;
				INFOPLIST_KEY_UIApplicationSupportsIndirectInputEvents = YES;
				INFOPLIST_KEY_UILaunchStoryboardName = LaunchScreen;
				INFOPLIST_KEY_UIMainStoryboardFile = Main;
				INFOPLIST_KEY_UISupportedInterfaceOrientations_iPad = "UIInterfaceOrientationPortrait UIInterfaceOrientationPortraitUpsideDown UIInterfaceOrientationLandscapeLeft UIInterfaceOrientationLandscapeRight";
				INFOPLIST_KEY_UISupportedInterfaceOrientations_iPhone = "UIInterfaceOrientationPortrait UIInterfaceOrientationLandscapeLeft UIInterfaceOrientationLandscapeRight";
				LD_RUNPATH_SEARCH_PATHS = (
					"$(inherited)",
					"@executable_path/Frameworks",
				);
				MARKETING_VERSION = 1.0;
				PRODUCT_BUNDLE_IDENTIFIER = com.allamzharov.iContacts;
				PRODUCT_NAME = "$(TARGET_NAME)";
				SWIFT_EMIT_LOC_STRINGS = YES;
				SWIFT_VERSION = 5.0;
				TARGETED_DEVICE_FAMILY = "1,2";
			};
			name = Release;
		};
/* End XCBuildConfiguration section */

/* Begin XCConfigurationList section */
		D0C73BE62A5163AF006880FB /* Build configuration list for PBXProject "iContacts" */ = {
			isa = XCConfigurationList;
			buildConfigurations = (
				D0C73BFD2A5163B2006880FB /* Debug */,
				D0C73BFE2A5163B2006880FB /* Release */,
			);
			defaultConfigurationIsVisible = 0;
			defaultConfigurationName = Release;
		};
		D0C73BFF2A5163B2006880FB /* Build configuration list for PBXNativeTarget "iContacts" */ = {
			isa = XCConfigurationList;
			buildConfigurations = (
				D0C73C002A5163B2006880FB /* Debug */,
				D0C73C012A5163B2006880FB /* Release */,
			);
			defaultConfigurationIsVisible = 0;
			defaultConfigurationName = Release;
		};
/* End XCConfigurationList section */
	};
	rootObject = D0C73BE32A5163AF006880FB /* Project object */;
}
